// !$*UTF8*$!
{
	archiveVersion = 1;
	classes = {
	};
	objectVersion = 46;
	objects = {

/* Begin PBXBuildFile section */
		7154249F1D10F4E6006429FE /* AppDelegate.swift in Sources */ = {isa = PBXBuildFile; fileRef = 7154249E1D10F4E6006429FE /* AppDelegate.swift */; };
		715424A11D10F4E6006429FE /* GameScene.sks in Resources */ = {isa = PBXBuildFile; fileRef = 715424A01D10F4E6006429FE /* GameScene.sks */; };
		715424A31D10F4E6006429FE /* GameScene.swift in Sources */ = {isa = PBXBuildFile; fileRef = 715424A21D10F4E6006429FE /* GameScene.swift */; };
		715424A51D10F4E6006429FE /* GameViewController.swift in Sources */ = {isa = PBXBuildFile; fileRef = 715424A41D10F4E6006429FE /* GameViewController.swift */; };
		715424A81D10F4E6006429FE /* Main.storyboard in Resources */ = {isa = PBXBuildFile; fileRef = 715424A61D10F4E6006429FE /* Main.storyboard */; };
		715424AA1D10F4E6006429FE /* Assets.xcassets in Resources */ = {isa = PBXBuildFile; fileRef = 715424A91D10F4E6006429FE /* Assets.xcassets */; };
		715424AD1D10F4E6006429FE /* LaunchScreen.storyboard in Resources */ = {isa = PBXBuildFile; fileRef = 715424AB1D10F4E6006429FE /* LaunchScreen.storyboard */; };
		715424B81D10F4E6006429FE /* Day3_DoingGameWithSwiftTests.swift in Sources */ = {isa = PBXBuildFile; fileRef = 715424B71D10F4E6006429FE /* Day3_DoingGameWithSwiftTests.swift */; };
		715424C31D10F4E6006429FE /* Day3_DoingGameWithSwiftUITests.swift in Sources */ = {isa = PBXBuildFile; fileRef = 715424C21D10F4E6006429FE /* Day3_DoingGameWithSwiftUITests.swift */; };
/* End PBXBuildFile section */

/* Begin PBXContainerItemProxy section */
		715424B41D10F4E6006429FE /* PBXContainerItemProxy */ = {
			isa = PBXContainerItemProxy;
			containerPortal = 715424931D10F4E5006429FE /* Project object */;
			proxyType = 1;
			remoteGlobalIDString = 7154249A1D10F4E5006429FE;
			remoteInfo = "Day3-DoingGameWithSwift";
		};
		715424BF1D10F4E6006429FE /* PBXContainerItemProxy */ = {
			isa = PBXContainerItemProxy;
			containerPortal = 715424931D10F4E5006429FE /* Project object */;
			proxyType = 1;
			remoteGlobalIDString = 7154249A1D10F4E5006429FE;
			remoteInfo = "Day3-DoingGameWithSwift";
		};
/* End PBXContainerItemProxy section */

/* Begin PBXFileReference section */
		7154249B1D10F4E5006429FE /* Day3-DoingGameWithSwift.app */ = {isa = PBXFileReference; explicitFileType = wrapper.application; includeInIndex = 0; path = "Day3-DoingGameWithSwift.app"; sourceTree = BUILT_PRODUCTS_DIR; };
		7154249E1D10F4E6006429FE /* AppDelegate.swift */ = {isa = PBXFileReference; lastKnownFileType = sourcecode.swift; path = AppDelegate.swift; sourceTree = "<group>"; };
		715424A01D10F4E6006429FE /* GameScene.sks */ = {isa = PBXFileReference; lastKnownFileType = file.sks; path = GameScene.sks; sourceTree = "<group>"; };
		715424A21D10F4E6006429FE /* GameScene.swift */ = {isa = PBXFileReference; lastKnownFileType = sourcecode.swift; path = GameScene.swift; sourceTree = "<group>"; };
		715424A41D10F4E6006429FE /* GameViewController.swift */ = {isa = PBXFileReference; lastKnownFileType = sourcecode.swift; path = GameViewController.swift; sourceTree = "<group>"; };
		715424A71D10F4E6006429FE /* Base */ = {isa = PBXFileReference; lastKnownFileType = file.storyboard; name = Base; path = Base.lproj/Main.storyboard; sourceTree = "<group>"; };
		715424A91D10F4E6006429FE /* Assets.xcassets */ = {isa = PBXFileReference; lastKnownFileType = folder.assetcatalog; path = Assets.xcassets; sourceTree = "<group>"; };
		715424AC1D10F4E6006429FE /* Base */ = {isa = PBXFileReference; lastKnownFileType = file.storyboard; name = Base; path = Base.lproj/LaunchScreen.storyboard; sourceTree = "<group>"; };
		715424AE1D10F4E6006429FE /* Info.plist */ = {isa = PBXFileReference; lastKnownFileType = text.plist.xml; path = Info.plist; sourceTree = "<group>"; };
		715424B31D10F4E6006429FE /* Day3-DoingGameWithSwiftTests.xctest */ = {isa = PBXFileReference; explicitFileType = wrapper.cfbundle; includeInIndex = 0; path = "Day3-DoingGameWithSwiftTests.xctest"; sourceTree = BUILT_PRODUCTS_DIR; };
		715424B71D10F4E6006429FE /* Day3_DoingGameWithSwiftTests.swift */ = {isa = PBXFileReference; lastKnownFileType = sourcecode.swift; path = Day3_DoingGameWithSwiftTests.swift; sourceTree = "<group>"; };
		715424B91D10F4E6006429FE /* Info.plist */ = {isa = PBXFileReference; lastKnownFileType = text.plist.xml; path = Info.plist; sourceTree = "<group>"; };
		715424BE1D10F4E6006429FE /* Day3-DoingGameWithSwiftUITests.xctest */ = {isa = PBXFileReference; explicitFileType = wrapper.cfbundle; includeInIndex = 0; path = "Day3-DoingGameWithSwiftUITests.xctest"; sourceTree = BUILT_PRODUCTS_DIR; };
		715424C21D10F4E6006429FE /* Day3_DoingGameWithSwiftUITests.swift */ = {isa = PBXFileReference; lastKnownFileType = sourcecode.swift; path = Day3_DoingGameWithSwiftUITests.swift; sourceTree = "<group>"; };
		715424C41D10F4E6006429FE /* Info.plist */ = {isa = PBXFileReference; lastKnownFileType = text.plist.xml; path = Info.plist; sourceTree = "<group>"; };
/* End PBXFileReference section */

/* Begin PBXFrameworksBuildPhase section */
		715424981D10F4E5006429FE /* Frameworks */ = {
			isa = PBXFrameworksBuildPhase;
			buildActionMask = 2147483647;
			files = (
			);
			runOnlyForDeploymentPostprocessing = 0;
		};
		715424B01D10F4E6006429FE /* Frameworks */ = {
			isa = PBXFrameworksBuildPhase;
			buildActionMask = 2147483647;
			files = (
			);
			runOnlyForDeploymentPostprocessing = 0;
		};
		715424BB1D10F4E6006429FE /* Frameworks */ = {
			isa = PBXFrameworksBuildPhase;
			buildActionMask = 2147483647;
			files = (
			);
			runOnlyForDeploymentPostprocessing = 0;
		};
/* End PBXFrameworksBuildPhase section */

/* Begin PBXGroup section */
		715424921D10F4E5006429FE = {
			isa = PBXGroup;
			children = (
				7154249D1D10F4E6006429FE /* Day3-DoingGameWithSwift */,
				715424B61D10F4E6006429FE /* Day3-DoingGameWithSwiftTests */,
				715424C11D10F4E6006429FE /* Day3-DoingGameWithSwiftUITests */,
				7154249C1D10F4E5006429FE /* Products */,
			);
			sourceTree = "<group>";
		};
		7154249C1D10F4E5006429FE /* Products */ = {
			isa = PBXGroup;
			children = (
				7154249B1D10F4E5006429FE /* Day3-DoingGameWithSwift.app */,
				715424B31D10F4E6006429FE /* Day3-DoingGameWithSwiftTests.xctest */,
				715424BE1D10F4E6006429FE /* Day3-DoingGameWithSwiftUITests.xctest */,
			);
			name = Products;
			sourceTree = "<group>";
		};
		7154249D1D10F4E6006429FE /* Day3-DoingGameWithSwift */ = {
			isa = PBXGroup;
			children = (
				7154249E1D10F4E6006429FE /* AppDelegate.swift */,
				715424A01D10F4E6006429FE /* GameScene.sks */,
				715424A21D10F4E6006429FE /* GameScene.swift */,
				715424A41D10F4E6006429FE /* GameViewController.swift */,
				715424A61D10F4E6006429FE /* Main.storyboard */,
				715424A91D10F4E6006429FE /* Assets.xcassets */,
				715424AB1D10F4E6006429FE /* LaunchScreen.storyboard */,
				715424AE1D10F4E6006429FE /* Info.plist */,
			);
			path = "Day3-DoingGameWithSwift";
			sourceTree = "<group>";
		};
		715424B61D10F4E6006429FE /* Day3-DoingGameWithSwiftTests */ = {
			isa = PBXGroup;
			children = (
				715424B71D10F4E6006429FE /* Day3_DoingGameWithSwiftTests.swift */,
				715424B91D10F4E6006429FE /* Info.plist */,
			);
			path = "Day3-DoingGameWithSwiftTests";
			sourceTree = "<group>";
		};
		715424C11D10F4E6006429FE /* Day3-DoingGameWithSwiftUITests */ = {
			isa = PBXGroup;
			children = (
				715424C21D10F4E6006429FE /* Day3_DoingGameWithSwiftUITests.swift */,
				715424C41D10F4E6006429FE /* Info.plist */,
			);
			path = "Day3-DoingGameWithSwiftUITests";
			sourceTree = "<group>";
		};
/* End PBXGroup section */

/* Begin PBXNativeTarget section */
		7154249A1D10F4E5006429FE /* Day3-DoingGameWithSwift */ = {
			isa = PBXNativeTarget;
			buildConfigurationList = 715424C71D10F4E6006429FE /* Build configuration list for PBXNativeTarget "Day3-DoingGameWithSwift" */;
			buildPhases = (
				715424971D10F4E5006429FE /* Sources */,
				715424981D10F4E5006429FE /* Frameworks */,
				715424991D10F4E5006429FE /* Resources */,
			);
			buildRules = (
			);
			dependencies = (
			);
			name = "Day3-DoingGameWithSwift";
			productName = "Day3-DoingGameWithSwift";
			productReference = 7154249B1D10F4E5006429FE /* Day3-DoingGameWithSwift.app */;
			productType = "com.apple.product-type.application";
		};
		715424B21D10F4E6006429FE /* Day3-DoingGameWithSwiftTests */ = {
			isa = PBXNativeTarget;
			buildConfigurationList = 715424CA1D10F4E6006429FE /* Build configuration list for PBXNativeTarget "Day3-DoingGameWithSwiftTests" */;
			buildPhases = (
				715424AF1D10F4E6006429FE /* Sources */,
				715424B01D10F4E6006429FE /* Frameworks */,
				715424B11D10F4E6006429FE /* Resources */,
			);
			buildRules = (
			);
			dependencies = (
				715424B51D10F4E6006429FE /* PBXTargetDependency */,
			);
			name = "Day3-DoingGameWithSwiftTests";
			productName = "Day3-DoingGameWithSwiftTests";
			productReference = 715424B31D10F4E6006429FE /* Day3-DoingGameWithSwiftTests.xctest */;
			productType = "com.apple.product-type.bundle.unit-test";
		};
		715424BD1D10F4E6006429FE /* Day3-DoingGameWithSwiftUITests */ = {
			isa = PBXNativeTarget;
			buildConfigurationList = 715424CD1D10F4E6006429FE /* Build configuration list for PBXNativeTarget "Day3-DoingGameWithSwiftUITests" */;
			buildPhases = (
				715424BA1D10F4E6006429FE /* Sources */,
				715424BB1D10F4E6006429FE /* Frameworks */,
				715424BC1D10F4E6006429FE /* Resources */,
			);
			buildRules = (
			);
			dependencies = (
				715424C01D10F4E6006429FE /* PBXTargetDependency */,
			);
			name = "Day3-DoingGameWithSwiftUITests";
			productName = "Day3-DoingGameWithSwiftUITests";
			productReference = 715424BE1D10F4E6006429FE /* Day3-DoingGameWithSwiftUITests.xctest */;
			productType = "com.apple.product-type.bundle.ui-testing";
		};
/* End PBXNativeTarget section */

/* Begin PBXProject section */
		715424931D10F4E5006429FE /* Project object */ = {
			isa = PBXProject;
			attributes = {
				LastSwiftUpdateCheck = 0730;
				LastUpgradeCheck = 0730;
				ORGANIZATIONNAME = "Lê Phúc";
				TargetAttributes = {
					7154249A1D10F4E5006429FE = {
						CreatedOnToolsVersion = 7.3.1;
						DevelopmentTeam = DJQ98MQWQ5;
					};
					715424B21D10F4E6006429FE = {
						CreatedOnToolsVersion = 7.3.1;
						DevelopmentTeam = DJQ98MQWQ5;
						TestTargetID = 7154249A1D10F4E5006429FE;
					};
					715424BD1D10F4E6006429FE = {
						CreatedOnToolsVersion = 7.3.1;
						DevelopmentTeam = DJQ98MQWQ5;
						TestTargetID = 7154249A1D10F4E5006429FE;
					};
				};
			};
			buildConfigurationList = 715424961D10F4E5006429FE /* Build configuration list for PBXProject "Day3-DoingGameWithSwift" */;
			compatibilityVersion = "Xcode 3.2";
			developmentRegion = English;
			hasScannedForEncodings = 0;
			knownRegions = (
				en,
				Base,
			);
			mainGroup = 715424921D10F4E5006429FE;
			productRefGroup = 7154249C1D10F4E5006429FE /* Products */;
			projectDirPath = "";
			projectRoot = "";
			targets = (
				7154249A1D10F4E5006429FE /* Day3-DoingGameWithSwift */,
				715424B21D10F4E6006429FE /* Day3-DoingGameWithSwiftTests */,
				715424BD1D10F4E6006429FE /* Day3-DoingGameWithSwiftUITests */,
			);
		};
/* End PBXProject section */

/* Begin PBXResourcesBuildPhase section */
		715424991D10F4E5006429FE /* Resources */ = {
			isa = PBXResourcesBuildPhase;
			buildActionMask = 2147483647;
			files = (
				715424A11D10F4E6006429FE /* GameScene.sks in Resources */,
				715424AD1D10F4E6006429FE /* LaunchScreen.storyboard in Resources */,
				715424AA1D10F4E6006429FE /* Assets.xcassets in Resources */,
				715424A81D10F4E6006429FE /* Main.storyboard in Resources */,
			);
			runOnlyForDeploymentPostprocessing = 0;
		};
		715424B11D10F4E6006429FE /* Resources */ = {
			isa = PBXResourcesBuildPhase;
			buildActionMask = 2147483647;
			files = (
			);
			runOnlyForDeploymentPostprocessing = 0;
		};
		715424BC1D10F4E6006429FE /* Resources */ = {
			isa = PBXResourcesBuildPhase;
			buildActionMask = 2147483647;
			files = (
			);
			runOnlyForDeploymentPostprocessing = 0;
		};
/* End PBXResourcesBuildPhase section */

/* Begin PBXSourcesBuildPhase section */
		715424971D10F4E5006429FE /* Sources */ = {
			isa = PBXSourcesBuildPhase;
			buildActionMask = 2147483647;
			files = (
				715424A31D10F4E6006429FE /* GameScene.swift in Sources */,
				715424A51D10F4E6006429FE /* GameViewController.swift in Sources */,
				7154249F1D10F4E6006429FE /* AppDelegate.swift in Sources */,
			);
			runOnlyForDeploymentPostprocessing = 0;
		};
		715424AF1D10F4E6006429FE /* Sources */ = {
			isa = PBXSourcesBuildPhase;
			buildActionMask = 2147483647;
			files = (
				715424B81D10F4E6006429FE /* Day3_DoingGameWithSwiftTests.swift in Sources */,
			);
			runOnlyForDeploymentPostprocessing = 0;
		};
		715424BA1D10F4E6006429FE /* Sources */ = {
			isa = PBXSourcesBuildPhase;
			buildActionMask = 2147483647;
			files = (
				715424C31D10F4E6006429FE /* Day3_DoingGameWithSwiftUITests.swift in Sources */,
			);
			runOnlyForDeploymentPostprocessing = 0;
		};
/* End PBXSourcesBuildPhase section */

/* Begin PBXTargetDependency section */
		715424B51D10F4E6006429FE /* PBXTargetDependency */ = {
			isa = PBXTargetDependency;
			target = 7154249A1D10F4E5006429FE /* Day3-DoingGameWithSwift */;
			targetProxy = 715424B41D10F4E6006429FE /* PBXContainerItemProxy */;
		};
		715424C01D10F4E6006429FE /* PBXTargetDependency */ = {
			isa = PBXTargetDependency;
			target = 7154249A1D10F4E5006429FE /* Day3-DoingGameWithSwift */;
			targetProxy = 715424BF1D10F4E6006429FE /* PBXContainerItemProxy */;
		};
/* End PBXTargetDependency section */

/* Begin PBXVariantGroup section */
		715424A61D10F4E6006429FE /* Main.storyboard */ = {
			isa = PBXVariantGroup;
			children = (
				715424A71D10F4E6006429FE /* Base */,
			);
			name = Main.storyboard;
			sourceTree = "<group>";
		};
		715424AB1D10F4E6006429FE /* LaunchScreen.storyboard */ = {
			isa = PBXVariantGroup;
			children = (
				715424AC1D10F4E6006429FE /* Base */,
			);
			name = LaunchScreen.storyboard;
			sourceTree = "<group>";
		};
/* End PBXVariantGroup section */

/* Begin XCBuildConfiguration section */
		715424C51D10F4E6006429FE /* Debug */ = {
			isa = XCBuildConfiguration;
			buildSettings = {
				ALWAYS_SEARCH_USER_PATHS = NO;
				CLANG_ANALYZER_NONNULL = YES;
				CLANG_CXX_LANGUAGE_STANDARD = "gnu++0x";
				CLANG_CXX_LIBRARY = "libc++";
				CLANG_ENABLE_MODULES = YES;
				CLANG_ENABLE_OBJC_ARC = YES;
				CLANG_WARN_BOOL_CONVERSION = YES;
				CLANG_WARN_CONSTANT_CONVERSION = YES;
				CLANG_WARN_DIRECT_OBJC_ISA_USAGE = YES_ERROR;
				CLANG_WARN_EMPTY_BODY = YES;
				CLANG_WARN_ENUM_CONVERSION = YES;
				CLANG_WARN_INT_CONVERSION = YES;
				CLANG_WARN_OBJC_ROOT_CLASS = YES_ERROR;
				CLANG_WARN_UNREACHABLE_CODE = YES;
				CLANG_WARN__DUPLICATE_METHOD_MATCH = YES;
				"CODE_SIGN_IDENTITY[sdk=iphoneos*]" = "iPhone Developer";
				COPY_PHASE_STRIP = NO;
				DEBUG_INFORMATION_FORMAT = "dwarf-with-dsym";
				ENABLE_STRICT_OBJC_MSGSEND = YES;
				ENABLE_TESTABILITY = YES;
				GCC_C_LANGUAGE_STANDARD = gnu99;
				GCC_DYNAMIC_NO_PIC = NO;
				GCC_NO_COMMON_BLOCKS = YES;
				GCC_OPTIMIZATION_LEVEL = 0;
				GCC_PREPROCESSOR_DEFINITIONS = (
					"DEBUG=1",
					"$(inherited)",
				);
				GCC_WARN_64_TO_32_BIT_CONVERSION = YES;
				GCC_WARN_ABOUT_RETURN_TYPE = YES_ERROR;
				GCC_WARN_UNDECLARED_SELECTOR = YES;
				GCC_WARN_UNINITIALIZED_AUTOS = YES_AGGRESSIVE;
				GCC_WARN_UNUSED_FUNCTION = YES;
				GCC_WARN_UNUSED_VARIABLE = YES;
				IPHONEOS_DEPLOYMENT_TARGET = 9.3;
				MTL_ENABLE_DEBUG_INFO = YES;
				ONLY_ACTIVE_ARCH = YES;
				SDKROOT = iphoneos;
				SWIFT_OPTIMIZATION_LEVEL = "-Onone";
			};
			name = Debug;
		};
		715424C61D10F4E6006429FE /* Release */ = {
			isa = XCBuildConfiguration;
			buildSettings = {
				ALWAYS_SEARCH_USER_PATHS = NO;
				CLANG_ANALYZER_NONNULL = YES;
				CLANG_CXX_LANGUAGE_STANDARD = "gnu++0x";
				CLANG_CXX_LIBRARY = "libc++";
				CLANG_ENABLE_MODULES = YES;
				CLANG_ENABLE_OBJC_ARC = YES;
				CLANG_WARN_BOOL_CONVERSION = YES;
				CLANG_WARN_CONSTANT_CONVERSION = YES;
				CLANG_WARN_DIRECT_OBJC_ISA_USAGE = YES_ERROR;
				CLANG_WARN_EMPTY_BODY = YES;
				CLANG_WARN_ENUM_CONVERSION = YES;
				CLANG_WARN_INT_CONVERSION = YES;
				CLANG_WARN_OBJC_ROOT_CLASS = YES_ERROR;
				CLANG_WARN_UNREACHABLE_CODE = YES;
				CLANG_WARN__DUPLICATE_METHOD_MATCH = YES;
				"CODE_SIGN_IDENTITY[sdk=iphoneos*]" = "iPhone Developer";
				COPY_PHASE_STRIP = NO;
				DEBUG_INFORMATION_FORMAT = "dwarf-with-dsym";
				ENABLE_NS_ASSERTIONS = NO;
				ENABLE_STRICT_OBJC_MSGSEND = YES;
				GCC_C_LANGUAGE_STANDARD = gnu99;
				GCC_NO_COMMON_BLOCKS = YES;
				GCC_WARN_64_TO_32_BIT_CONVERSION = YES;
				GCC_WARN_ABOUT_RETURN_TYPE = YES_ERROR;
				GCC_WARN_UNDECLARED_SELECTOR = YES;
				GCC_WARN_UNINITIALIZED_AUTOS = YES_AGGRESSIVE;
				GCC_WARN_UNUSED_FUNCTION = YES;
				GCC_WARN_UNUSED_VARIABLE = YES;
				IPHONEOS_DEPLOYMENT_TARGET = 9.3;
				MTL_ENABLE_DEBUG_INFO = NO;
				SDKROOT = iphoneos;
				VALIDATE_PRODUCT = YES;
			};
			name = Release;
		};
		715424C81D10F4E6006429FE /* Debug */ = {
			isa = XCBuildConfiguration;
			buildSettings = {
				ASSETCATALOG_COMPILER_APPICON_NAME = AppIcon;
				INFOPLIST_FILE = "Day3-DoingGameWithSwift/Info.plist";
				LD_RUNPATH_SEARCH_PATHS = "$(inherited) @executable_path/Frameworks";
				PRODUCT_BUNDLE_IDENTIFIER = "com.lephuc.Day3-DoingGameWithSwift";
				PRODUCT_NAME = "$(TARGET_NAME)";
			};
			name = Debug;
		};
		715424C91D10F4E6006429FE /* Release */ = {
			isa = XCBuildConfiguration;
			buildSettings = {
				ASSETCATALOG_COMPILER_APPICON_NAME = AppIcon;
				INFOPLIST_FILE = "Day3-DoingGameWithSwift/Info.plist";
				LD_RUNPATH_SEARCH_PATHS = "$(inherited) @executable_path/Frameworks";
				PRODUCT_BUNDLE_IDENTIFIER = "com.lephuc.Day3-DoingGameWithSwift";
				PRODUCT_NAME = "$(TARGET_NAME)";
			};
			name = Release;
		};
		715424CB1D10F4E6006429FE /* Debug */ = {
			isa = XCBuildConfiguration;
			buildSettings = {
				BUNDLE_LOADER = "$(TEST_HOST)";
				DEBUG_INFORMATION_FORMAT = dwarf;
				INFOPLIST_FILE = "Day3-DoingGameWithSwiftTests/Info.plist";
				LD_RUNPATH_SEARCH_PATHS = "$(inherited) @executable_path/Frameworks @loader_path/Frameworks";
				PRODUCT_BUNDLE_IDENTIFIER = "com.lephuc.Day3-DoingGameWithSwiftTests";
				PRODUCT_NAME = "$(TARGET_NAME)";
				TEST_HOST = "$(BUILT_PRODUCTS_DIR)/Day3-DoingGameWithSwift.app/Day3-DoingGameWithSwift";
			};
			name = Debug;
		};
		715424CC1D10F4E6006429FE /* Release */ = {
			isa = XCBuildConfiguration;
			buildSettings = {
				BUNDLE_LOADER = "$(TEST_HOST)";
				INFOPLIST_FILE = "Day3-DoingGameWithSwiftTests/Info.plist";
				LD_RUNPATH_SEARCH_PATHS = "$(inherited) @executable_path/Frameworks @loader_path/Frameworks";
				PRODUCT_BUNDLE_IDENTIFIER = "com.lephuc.Day3-DoingGameWithSwiftTests";
				PRODUCT_NAME = "$(TARGET_NAME)";
				TEST_HOST = "$(BUILT_PRODUCTS_DIR)/Day3-DoingGameWithSwift.app/Day3-DoingGameWithSwift";
			};
			name = Release;
		};
		715424CE1D10F4E6006429FE /* Debug */ = {
			isa = XCBuildConfiguration;
			buildSettings = {
				DEBUG_INFORMATION_FORMAT = dwarf;
				INFOPLIST_FILE = "Day3-DoingGameWithSwiftUITests/Info.plist";
				LD_RUNPATH_SEARCH_PATHS = "$(inherited) @executable_path/Frameworks @loader_path/Frameworks";
				PRODUCT_BUNDLE_IDENTIFIER = "com.lephuc.Day3-DoingGameWithSwiftUITests";
				PRODUCT_NAME = "$(TARGET_NAME)";
				TEST_TARGET_NAME = "Day3-DoingGameWithSwift";
			};
			name = Debug;
		};
		715424CF1D10F4E6006429FE /* Release */ = {
			isa = XCBuildConfiguration;
			buildSettings = {
				INFOPLIST_FILE = "Day3-DoingGameWithSwiftUITests/Info.plist";
				LD_RUNPATH_SEARCH_PATHS = "$(inherited) @executable_path/Frameworks @loader_path/Frameworks";
				PRODUCT_BUNDLE_IDENTIFIER = "com.lephuc.Day3-DoingGameWithSwiftUITests";
				PRODUCT_NAME = "$(TARGET_NAME)";
				TEST_TARGET_NAME = "Day3-DoingGameWithSwift";
			};
			name = Release;
		};
/* End XCBuildConfiguration section */

/* Begin XCConfigurationList section */
		715424961D10F4E5006429FE /* Build configuration list for PBXProject "Day3-DoingGameWithSwift" */ = {
			isa = XCConfigurationList;
			buildConfigurations = (
				715424C51D10F4E6006429FE /* Debug */,
				715424C61D10F4E6006429FE /* Release */,
			);
			defaultConfigurationIsVisible = 0;
			defaultConfigurationName = Release;
		};
		715424C71D10F4E6006429FE /* Build configuration list for PBXNativeTarget "Day3-DoingGameWithSwift" */ = {
			isa = XCConfigurationList;
			buildConfigurations = (
				715424C81D10F4E6006429FE /* Debug */,
				715424C91D10F4E6006429FE /* Release */,
			);
			defaultConfigurationIsVisible = 0;
		};
		715424CA1D10F4E6006429FE /* Build configuration list for PBXNativeTarget "Day3-DoingGameWithSwiftTests" */ = {
			isa = XCConfigurationList;
			buildConfigurations = (
				715424CB1D10F4E6006429FE /* Debug */,
				715424CC1D10F4E6006429FE /* Release */,
			);
			defaultConfigurationIsVisible = 0;
		};
		715424CD1D10F4E6006429FE /* Build configuration list for PBXNativeTarget "Day3-DoingGameWithSwiftUITests" */ = {
			isa = XCConfigurationList;
			buildConfigurations = (
				715424CE1D10F4E6006429FE /* Debug */,
				715424CF1D10F4E6006429FE /* Release */,
			);
			defaultConfigurationIsVisible = 0;
		};
/* End XCConfigurationList section */
	};
	rootObject = 715424931D10F4E5006429FE /* Project object */;
}
