// !$*UTF8*$!
{
	archiveVersion = 1;
	classes = {
	};
	objectVersion = 46;
	objects = {

/* Begin PBXBuildFile section */
		71FA298A1CF7DEB200511EB9 /* AppDelegate.swift in Sources */ = {isa = PBXBuildFile; fileRef = 71FA29891CF7DEB200511EB9 /* AppDelegate.swift */; };
		71FA298F1CF7DEB200511EB9 /* Main.storyboard in Resources */ = {isa = PBXBuildFile; fileRef = 71FA298D1CF7DEB200511EB9 /* Main.storyboard */; };
		71FA29911CF7DEB200511EB9 /* Assets.xcassets in Resources */ = {isa = PBXBuildFile; fileRef = 71FA29901CF7DEB200511EB9 /* Assets.xcassets */; };
		71FA29941CF7DEB200511EB9 /* LaunchScreen.storyboard in Resources */ = {isa = PBXBuildFile; fileRef = 71FA29921CF7DEB200511EB9 /* LaunchScreen.storyboard */; };
		71FA299D1CF7E05F00511EB9 /* MainViewController.swift in Sources */ = {isa = PBXBuildFile; fileRef = 71FA299C1CF7E05F00511EB9 /* MainViewController.swift */; };
		71FA29A01CF7EE7700511EB9 /* AnimationWithDurationVC.swift in Sources */ = {isa = PBXBuildFile; fileRef = 71FA299E1CF7EE7700511EB9 /* AnimationWithDurationVC.swift */; };
		71FA29A11CF7EE7700511EB9 /* AnimationWithDurationVC.xib in Resources */ = {isa = PBXBuildFile; fileRef = 71FA299F1CF7EE7700511EB9 /* AnimationWithDurationVC.xib */; };
		71FA29A41CF83DCC00511EB9 /* CAAnimationVC.swift in Sources */ = {isa = PBXBuildFile; fileRef = 71FA29A21CF83DCC00511EB9 /* CAAnimationVC.swift */; };
		71FA29A51CF83DCC00511EB9 /* CAAnimationVC.xib in Resources */ = {isa = PBXBuildFile; fileRef = 71FA29A31CF83DCC00511EB9 /* CAAnimationVC.xib */; };
		71FA29AA1CF8469D00511EB9 /* ActionVC.swift in Sources */ = {isa = PBXBuildFile; fileRef = 71FA29A81CF8469D00511EB9 /* ActionVC.swift */; };
		71FA29AB1CF8469D00511EB9 /* ActionVC.xib in Resources */ = {isa = PBXBuildFile; fileRef = 71FA29A91CF8469D00511EB9 /* ActionVC.xib */; };
		71FA29AE1CF84F0000511EB9 /* GestureFingersVC.swift in Sources */ = {isa = PBXBuildFile; fileRef = 71FA29AC1CF84F0000511EB9 /* GestureFingersVC.swift */; };
		71FA29AF1CF84F0000511EB9 /* GestureFingersVC.xib in Resources */ = {isa = PBXBuildFile; fileRef = 71FA29AD1CF84F0000511EB9 /* GestureFingersVC.xib */; };
/* End PBXBuildFile section */

/* Begin PBXFileReference section */
		71FA29861CF7DEB200511EB9 /* Day1-ActionAndAnimation.app */ = {isa = PBXFileReference; explicitFileType = wrapper.application; includeInIndex = 0; path = "Day1-ActionAndAnimation.app"; sourceTree = BUILT_PRODUCTS_DIR; };
		71FA29891CF7DEB200511EB9 /* AppDelegate.swift */ = {isa = PBXFileReference; lastKnownFileType = sourcecode.swift; path = AppDelegate.swift; sourceTree = "<group>"; };
		71FA298E1CF7DEB200511EB9 /* Base */ = {isa = PBXFileReference; lastKnownFileType = file.storyboard; name = Base; path = Base.lproj/Main.storyboard; sourceTree = "<group>"; };
		71FA29901CF7DEB200511EB9 /* Assets.xcassets */ = {isa = PBXFileReference; lastKnownFileType = folder.assetcatalog; path = Assets.xcassets; sourceTree = "<group>"; };
		71FA29931CF7DEB200511EB9 /* Base */ = {isa = PBXFileReference; lastKnownFileType = file.storyboard; name = Base; path = Base.lproj/LaunchScreen.storyboard; sourceTree = "<group>"; };
		71FA29951CF7DEB200511EB9 /* Info.plist */ = {isa = PBXFileReference; lastKnownFileType = text.plist.xml; path = Info.plist; sourceTree = "<group>"; };
		71FA299C1CF7E05F00511EB9 /* MainViewController.swift */ = {isa = PBXFileReference; fileEncoding = 4; lastKnownFileType = sourcecode.swift; path = MainViewController.swift; sourceTree = "<group>"; };
		71FA299E1CF7EE7700511EB9 /* AnimationWithDurationVC.swift */ = {isa = PBXFileReference; fileEncoding = 4; lastKnownFileType = sourcecode.swift; path = AnimationWithDurationVC.swift; sourceTree = "<group>"; };
		71FA299F1CF7EE7700511EB9 /* AnimationWithDurationVC.xib */ = {isa = PBXFileReference; fileEncoding = 4; lastKnownFileType = file.xib; path = AnimationWithDurationVC.xib; sourceTree = "<group>"; };
		71FA29A21CF83DCC00511EB9 /* CAAnimationVC.swift */ = {isa = PBXFileReference; fileEncoding = 4; lastKnownFileType = sourcecode.swift; path = CAAnimationVC.swift; sourceTree = "<group>"; };
		71FA29A31CF83DCC00511EB9 /* CAAnimationVC.xib */ = {isa = PBXFileReference; fileEncoding = 4; lastKnownFileType = file.xib; path = CAAnimationVC.xib; sourceTree = "<group>"; };
		71FA29A81CF8469D00511EB9 /* ActionVC.swift */ = {isa = PBXFileReference; fileEncoding = 4; lastKnownFileType = sourcecode.swift; path = ActionVC.swift; sourceTree = "<group>"; };
		71FA29A91CF8469D00511EB9 /* ActionVC.xib */ = {isa = PBXFileReference; fileEncoding = 4; lastKnownFileType = file.xib; path = ActionVC.xib; sourceTree = "<group>"; };
		71FA29AC1CF84F0000511EB9 /* GestureFingersVC.swift */ = {isa = PBXFileReference; fileEncoding = 4; lastKnownFileType = sourcecode.swift; path = GestureFingersVC.swift; sourceTree = "<group>"; };
		71FA29AD1CF84F0000511EB9 /* GestureFingersVC.xib */ = {isa = PBXFileReference; fileEncoding = 4; lastKnownFileType = file.xib; path = GestureFingersVC.xib; sourceTree = "<group>"; };
/* End PBXFileReference section */

/* Begin PBXFrameworksBuildPhase section */
		71FA29831CF7DEB200511EB9 /* Frameworks */ = {
			isa = PBXFrameworksBuildPhase;
			buildActionMask = 2147483647;
			files = (
			);
			runOnlyForDeploymentPostprocessing = 0;
		};
/* End PBXFrameworksBuildPhase section */

/* Begin PBXGroup section */
		71FA297D1CF7DEB200511EB9 = {
			isa = PBXGroup;
			children = (
				71FA29881CF7DEB200511EB9 /* Day1-ActionAndAnimation */,
				71FA29871CF7DEB200511EB9 /* Products */,
			);
			sourceTree = "<group>";
		};
		71FA29871CF7DEB200511EB9 /* Products */ = {
			isa = PBXGroup;
			children = (
				71FA29861CF7DEB200511EB9 /* Day1-ActionAndAnimation.app */,
			);
			name = Products;
			sourceTree = "<group>";
		};
		71FA29881CF7DEB200511EB9 /* Day1-ActionAndAnimation */ = {
			isa = PBXGroup;
			children = (
				71FA299B1CF7E01600511EB9 /* ViewController */,
				71FA29891CF7DEB200511EB9 /* AppDelegate.swift */,
				71FA298D1CF7DEB200511EB9 /* Main.storyboard */,
				71FA29901CF7DEB200511EB9 /* Assets.xcassets */,
				71FA29921CF7DEB200511EB9 /* LaunchScreen.storyboard */,
				71FA29951CF7DEB200511EB9 /* Info.plist */,
			);
			path = "Day1-ActionAndAnimation";
			sourceTree = "<group>";
		};
		71FA299B1CF7E01600511EB9 /* ViewController */ = {
			isa = PBXGroup;
			children = (
				71FA299C1CF7E05F00511EB9 /* MainViewController.swift */,
				71FA299E1CF7EE7700511EB9 /* AnimationWithDurationVC.swift */,
				71FA299F1CF7EE7700511EB9 /* AnimationWithDurationVC.xib */,
				71FA29A21CF83DCC00511EB9 /* CAAnimationVC.swift */,
				71FA29A31CF83DCC00511EB9 /* CAAnimationVC.xib */,
				71FA29A81CF8469D00511EB9 /* ActionVC.swift */,
				71FA29A91CF8469D00511EB9 /* ActionVC.xib */,
				71FA29AC1CF84F0000511EB9 /* GestureFingersVC.swift */,
				71FA29AD1CF84F0000511EB9 /* GestureFingersVC.xib */,
			);
			name = ViewController;
			sourceTree = "<group>";
		};
/* End PBXGroup section */

/* Begin PBXNativeTarget section */
		71FA29851CF7DEB200511EB9 /* Day1-ActionAndAnimation */ = {
			isa = PBXNativeTarget;
			buildConfigurationList = 71FA29981CF7DEB200511EB9 /* Build configuration list for PBXNativeTarget "Day1-ActionAndAnimation" */;
			buildPhases = (
				71FA29821CF7DEB200511EB9 /* Sources */,
				71FA29831CF7DEB200511EB9 /* Frameworks */,
				71FA29841CF7DEB200511EB9 /* Resources */,
			);
			buildRules = (
			);
			dependencies = (
			);
			name = "Day1-ActionAndAnimation";
			productName = "Day1-ActionAndAnimation";
			productReference = 71FA29861CF7DEB200511EB9 /* Day1-ActionAndAnimation.app */;
			productType = "com.apple.product-type.application";
		};
/* End PBXNativeTarget section */

/* Begin PBXProject section */
		71FA297E1CF7DEB200511EB9 /* Project object */ = {
			isa = PBXProject;
			attributes = {
				LastSwiftUpdateCheck = 0730;
				LastUpgradeCheck = 0730;
				ORGANIZATIONNAME = "Lê Phúc";
				TargetAttributes = {
					71FA29851CF7DEB200511EB9 = {
						CreatedOnToolsVersion = 7.3.1;
					};
				};
			};
			buildConfigurationList = 71FA29811CF7DEB200511EB9 /* Build configuration list for PBXProject "Day1-ActionAndAnimation" */;
			compatibilityVersion = "Xcode 3.2";
			developmentRegion = English;
			hasScannedForEncodings = 0;
			knownRegions = (
				en,
				Base,
			);
			mainGroup = 71FA297D1CF7DEB200511EB9;
			productRefGroup = 71FA29871CF7DEB200511EB9 /* Products */;
			projectDirPath = "";
			projectRoot = "";
			targets = (
				71FA29851CF7DEB200511EB9 /* Day1-ActionAndAnimation */,
			);
		};
/* End PBXProject section */

/* Begin PBXResourcesBuildPhase section */
		71FA29841CF7DEB200511EB9 /* Resources */ = {
			isa = PBXResourcesBuildPhase;
			buildActionMask = 2147483647;
			files = (
				71FA29AB1CF8469D00511EB9 /* ActionVC.xib in Resources */,
				71FA29A51CF83DCC00511EB9 /* CAAnimationVC.xib in Resources */,
				71FA29941CF7DEB200511EB9 /* LaunchScreen.storyboard in Resources */,
				71FA29911CF7DEB200511EB9 /* Assets.xcassets in Resources */,
				71FA29AF1CF84F0000511EB9 /* GestureFingersVC.xib in Resources */,
				71FA298F1CF7DEB200511EB9 /* Main.storyboard in Resources */,
				71FA29A11CF7EE7700511EB9 /* AnimationWithDurationVC.xib in Resources */,
			);
			runOnlyForDeploymentPostprocessing = 0;
		};
/* End PBXResourcesBuildPhase section */

/* Begin PBXSourcesBuildPhase section */
		71FA29821CF7DEB200511EB9 /* Sources */ = {
			isa = PBXSourcesBuildPhase;
			buildActionMask = 2147483647;
			files = (
				71FA298A1CF7DEB200511EB9 /* AppDelegate.swift in Sources */,
				71FA29AE1CF84F0000511EB9 /* GestureFingersVC.swift in Sources */,
				71FA299D1CF7E05F00511EB9 /* MainViewController.swift in Sources */,
				71FA29AA1CF8469D00511EB9 /* ActionVC.swift in Sources */,
				71FA29A01CF7EE7700511EB9 /* AnimationWithDurationVC.swift in Sources */,
				71FA29A41CF83DCC00511EB9 /* CAAnimationVC.swift in Sources */,
			);
			runOnlyForDeploymentPostprocessing = 0;
		};
/* End PBXSourcesBuildPhase section */

/* Begin PBXVariantGroup section */
		71FA298D1CF7DEB200511EB9 /* Main.storyboard */ = {
			isa = PBXVariantGroup;
			children = (
				71FA298E1CF7DEB200511EB9 /* Base */,
			);
			name = Main.storyboard;
			sourceTree = "<group>";
		};
		71FA29921CF7DEB200511EB9 /* LaunchScreen.storyboard */ = {
			isa = PBXVariantGroup;
			children = (
				71FA29931CF7DEB200511EB9 /* Base */,
			);
			name = LaunchScreen.storyboard;
			sourceTree = "<group>";
		};
/* End PBXVariantGroup section */

/* Begin XCBuildConfiguration section */
		71FA29961CF7DEB200511EB9 /* Debug */ = {
			isa = XCBuildConfiguration;
			buildSettings = {
				ALWAYS_SEARCH_USER_PATHS = NO;
				CLANG_ANALYZER_NONNULL = YES;
				CLANG_CXX_LANGUAGE_STANDARD = "gnu++0x";
				CLANG_CXX_LIBRARY = "libc++";
				CLANG_ENABLE_MODULES = YES;
				CLANG_ENABLE_OBJC_ARC = YES;
				CLANG_WARN_BOOL_CONVERSION = YES;
				CLANG_WARN_CONSTANT_CONVERSION = YES;
				CLANG_WARN_DIRECT_OBJC_ISA_USAGE = YES_ERROR;
				CLANG_WARN_EMPTY_BODY = YES;
				CLANG_WARN_ENUM_CONVERSION = YES;
				CLANG_WARN_INT_CONVERSION = YES;
				CLANG_WARN_OBJC_ROOT_CLASS = YES_ERROR;
				CLANG_WARN_UNREACHABLE_CODE = YES;
				CLANG_WARN__DUPLICATE_METHOD_MATCH = YES;
				"CODE_SIGN_IDENTITY[sdk=iphoneos*]" = "iPhone Developer";
				COPY_PHASE_STRIP = NO;
				DEBUG_INFORMATION_FORMAT = dwarf;
				ENABLE_STRICT_OBJC_MSGSEND = YES;
				ENABLE_TESTABILITY = YES;
				GCC_C_LANGUAGE_STANDARD = gnu99;
				GCC_DYNAMIC_NO_PIC = NO;
				GCC_NO_COMMON_BLOCKS = YES;
				GCC_OPTIMIZATION_LEVEL = 0;
				GCC_PREPROCESSOR_DEFINITIONS = (
					"DEBUG=1",
					"$(inherited)",
				);
				GCC_WARN_64_TO_32_BIT_CONVERSION = YES;
				GCC_WARN_ABOUT_RETURN_TYPE = YES_ERROR;
				GCC_WARN_UNDECLARED_SELECTOR = YES;
				GCC_WARN_UNINITIALIZED_AUTOS = YES_AGGRESSIVE;
				GCC_WARN_UNUSED_FUNCTION = YES;
				GCC_WARN_UNUSED_VARIABLE = YES;
				IPHONEOS_DEPLOYMENT_TARGET = 9.3;
				MTL_ENABLE_DEBUG_INFO = YES;
				ONLY_ACTIVE_ARCH = YES;
				SDKROOT = iphoneos;
				SWIFT_OPTIMIZATION_LEVEL = "-Onone";
			};
			name = Debug;
		};
		71FA29971CF7DEB200511EB9 /* Release */ = {
			isa = XCBuildConfiguration;
			buildSettings = {
				ALWAYS_SEARCH_USER_PATHS = NO;
				CLANG_ANALYZER_NONNULL = YES;
				CLANG_CXX_LANGUAGE_STANDARD = "gnu++0x";
				CLANG_CXX_LIBRARY = "libc++";
				CLANG_ENABLE_MODULES = YES;
				CLANG_ENABLE_OBJC_ARC = YES;
				CLANG_WARN_BOOL_CONVERSION = YES;
				CLANG_WARN_CONSTANT_CONVERSION = YES;
				CLANG_WARN_DIRECT_OBJC_ISA_USAGE = YES_ERROR;
				CLANG_WARN_EMPTY_BODY = YES;
				CLANG_WARN_ENUM_CONVERSION = YES;
				CLANG_WARN_INT_CONVERSION = YES;
				CLANG_WARN_OBJC_ROOT_CLASS = YES_ERROR;
				CLANG_WARN_UNREACHABLE_CODE = YES;
				CLANG_WARN__DUPLICATE_METHOD_MATCH = YES;
				"CODE_SIGN_IDENTITY[sdk=iphoneos*]" = "iPhone Developer";
				COPY_PHASE_STRIP = NO;
				DEBUG_INFORMATION_FORMAT = "dwarf-with-dsym";
				ENABLE_NS_ASSERTIONS = NO;
				ENABLE_STRICT_OBJC_MSGSEND = YES;
				GCC_C_LANGUAGE_STANDARD = gnu99;
				GCC_NO_COMMON_BLOCKS = YES;
				GCC_WARN_64_TO_32_BIT_CONVERSION = YES;
				GCC_WARN_ABOUT_RETURN_TYPE = YES_ERROR;
				GCC_WARN_UNDECLARED_SELECTOR = YES;
				GCC_WARN_UNINITIALIZED_AUTOS = YES_AGGRESSIVE;
				GCC_WARN_UNUSED_FUNCTION = YES;
				GCC_WARN_UNUSED_VARIABLE = YES;
				IPHONEOS_DEPLOYMENT_TARGET = 9.3;
				MTL_ENABLE_DEBUG_INFO = NO;
				SDKROOT = iphoneos;
				VALIDATE_PRODUCT = YES;
			};
			name = Release;
		};
		71FA29991CF7DEB200511EB9 /* Debug */ = {
			isa = XCBuildConfiguration;
			buildSettings = {
				ASSETCATALOG_COMPILER_APPICON_NAME = AppIcon;
				CODE_SIGN_IDENTITY = "iPhone Developer";
				INFOPLIST_FILE = "Day1-ActionAndAnimation/Info.plist";
				IPHONEOS_DEPLOYMENT_TARGET = 8.2;
				LD_RUNPATH_SEARCH_PATHS = "$(inherited) @executable_path/Frameworks";
				PRODUCT_BUNDLE_IDENTIFIER = "com.lephuc.Day1-ActionAndAnimation";
				PRODUCT_NAME = "$(TARGET_NAME)";
			};
			name = Debug;
		};
		71FA299A1CF7DEB200511EB9 /* Release */ = {
			isa = XCBuildConfiguration;
			buildSettings = {
				ASSETCATALOG_COMPILER_APPICON_NAME = AppIcon;
				CODE_SIGN_IDENTITY = "iPhone Developer";
				INFOPLIST_FILE = "Day1-ActionAndAnimation/Info.plist";
				IPHONEOS_DEPLOYMENT_TARGET = 8.2;
				LD_RUNPATH_SEARCH_PATHS = "$(inherited) @executable_path/Frameworks";
				PRODUCT_BUNDLE_IDENTIFIER = "com.lephuc.Day1-ActionAndAnimation";
				PRODUCT_NAME = "$(TARGET_NAME)";
			};
			name = Release;
		};
/* End XCBuildConfiguration section */

/* Begin XCConfigurationList section */
		71FA29811CF7DEB200511EB9 /* Build configuration list for PBXProject "Day1-ActionAndAnimation" */ = {
			isa = XCConfigurationList;
			buildConfigurations = (
				71FA29961CF7DEB200511EB9 /* Debug */,
				71FA29971CF7DEB200511EB9 /* Release */,
			);
			defaultConfigurationIsVisible = 0;
			defaultConfigurationName = Release;
		};
		71FA29981CF7DEB200511EB9 /* Build configuration list for PBXNativeTarget "Day1-ActionAndAnimation" */ = {
			isa = XCConfigurationList;
			buildConfigurations = (
				71FA29991CF7DEB200511EB9 /* Debug */,
				71FA299A1CF7DEB200511EB9 /* Release */,
			);
			defaultConfigurationIsVisible = 0;
		};
/* End XCConfigurationList section */
	};
	rootObject = 71FA297E1CF7DEB200511EB9 /* Project object */;
}
